
Microsoft Visual Studio Solution File, Format Version 12.00
# Visual Studio Version 16
VisualStudioVersion = 16.0.33927.289
MinimumVisualStudioVersion = 10.0.40219.1
Project("{2150E333-8FDC-42A3-9474-1A3956D46DE8}") = "Task0", "Task0", "{0A020892-1DAF-42CD-ABD2-D069BFA630A3}"
EndProject
Project("{FAE04EC0-301F-11D3-BF4B-00C04F79EFBC}") = "Tyuiu.KonyushevskyAA.Sprint2.Task0.V6", "Tyuiu.KonyushevskyAA.Sprint2.Task0.V6\Tyuiu.KonyushevskyAA.Sprint2.Task0.V6.csproj", "{89A22B8C-D3C8-4968-A1A4-0680AC5D8AC1}"
EndProject
Project("{FAE04EC0-301F-11D3-BF4B-00C04F79EFBC}") = "Tyuiu.KonyushevskyAA.Sprint2.Task0.V6.Lib", "Tyuiu.KonyushevskyAA.Sprint2.Task0.V6.Lib\Tyuiu.KonyushevskyAA.Sprint2.Task0.V6.Lib.csproj", "{5234E3EB-AE70-46B1-843A-01A025BCB17C}"
EndProject
Project("{FAE04EC0-301F-11D3-BF4B-00C04F79EFBC}") = "Tyuiu.KonyushevskyAA.Sprint2.Task0.V6.Test", "Tyuiu.KonyushevskyAA.Sprint2.Task0.V6.Test\Tyuiu.KonyushevskyAA.Sprint2.Task0.V6.Test.csproj", "{3A35EF1E-DE2A-44A1-BC3F-2ED8A25FF235}"
EndProject
Project("{2150E333-8FDC-42A3-9474-1A3956D46DE8}") = "Task1", "Task1", "{963F92C1-BB05-4855-8771-C5490FD1F2B9}"
EndProject
Project("{FAE04EC0-301F-11D3-BF4B-00C04F79EFBC}") = "Tyuiu.KonyushevskyAA.Sprint2.Task1.V19", "Tyuiu.KonyushevskyAA.Sprint2.Task1.V19\Tyuiu.KonyushevskyAA.Sprint2.Task1.V19.csproj", "{91F9CDB8-EB6A-41F3-9D42-5082692692F8}"
EndProject
Project("{FAE04EC0-301F-11D3-BF4B-00C04F79EFBC}") = "Tyuiu.KonyushevskyAA.Sprint2.Task1.V19.Lib", "Tyuiu.KonyushevskyAA.Sprint2.Task1.V19.Lib\Tyuiu.KonyushevskyAA.Sprint2.Task1.V19.Lib.csproj", "{76A59445-7A1A-4EB4-AAF7-BF57393D2001}"
EndProject
Project("{FAE04EC0-301F-11D3-BF4B-00C04F79EFBC}") = "Tyuiu.KonyushevskyAA.Sprint2.Task1.V19.Test", "Tyuiu.KonyushevskyAA.Sprint2.Task1.V19.Test\Tyuiu.KonyushevskyAA.Sprint2.Task1.V19.Test.csproj", "{2E60ECAA-C589-477F-BF02-50B61A7C075F}"
EndProject
Project("{2150E333-8FDC-42A3-9474-1A3956D46DE8}") = "Task2", "Task2", "{7ED81B35-FB5C-46DE-AA06-DE7FAA9942DA}"
EndProject
Project("{FAE04EC0-301F-11D3-BF4B-00C04F79EFBC}") = "Tyuiu.KonyushevskyAA.Sprint2.Task2.V20", "Tyuiu.KonyushevskyAA.Sprint2.Task2.V20\Tyuiu.KonyushevskyAA.Sprint2.Task2.V20.csproj", "{91CE8370-A013-4C69-BF97-8349EB3D2603}"
EndProject
Project("{FAE04EC0-301F-11D3-BF4B-00C04F79EFBC}") = "Tyuiu.KonyushevskyAA.Sprint2.Task2.V20.Lib", "Tyuiu.KonyushevskyAA.Sprint2.Task2.V20.Lib\Tyuiu.KonyushevskyAA.Sprint2.Task2.V20.Lib.csproj", "{41108E1B-214E-4AA9-A15F-D773931413F0}"
EndProject
Project("{FAE04EC0-301F-11D3-BF4B-00C04F79EFBC}") = "Tyuiu.KonyushevskyAA.Sprint2.Task2.V20.Test", "Tyuiu.KonyushevskyAA.Sprint2.Task2.V20.Test\Tyuiu.KonyushevskyAA.Sprint2.Task2.V20.Test.csproj", "{99CD9B90-CF2B-4CDF-AABB-D1E4EA5F13AA}"
EndProject
Global
	GlobalSection(SolutionConfigurationPlatforms) = preSolution
		Debug|Any CPU = Debug|Any CPU
		Release|Any CPU = Release|Any CPU
	EndGlobalSection
	GlobalSection(ProjectConfigurationPlatforms) = postSolution
		{89A22B8C-D3C8-4968-A1A4-0680AC5D8AC1}.Debug|Any CPU.ActiveCfg = Debug|Any CPU
		{89A22B8C-D3C8-4968-A1A4-0680AC5D8AC1}.Debug|Any CPU.Build.0 = Debug|Any CPU
		{89A22B8C-D3C8-4968-A1A4-0680AC5D8AC1}.Release|Any CPU.ActiveCfg = Release|Any CPU
		{89A22B8C-D3C8-4968-A1A4-0680AC5D8AC1}.Release|Any CPU.Build.0 = Release|Any CPU
		{5234E3EB-AE70-46B1-843A-01A025BCB17C}.Debug|Any CPU.ActiveCfg = Debug|Any CPU
		{5234E3EB-AE70-46B1-843A-01A025BCB17C}.Debug|Any CPU.Build.0 = Debug|Any CPU
		{5234E3EB-AE70-46B1-843A-01A025BCB17C}.Release|Any CPU.ActiveCfg = Release|Any CPU
		{5234E3EB-AE70-46B1-843A-01A025BCB17C}.Release|Any CPU.Build.0 = Release|Any CPU
		{3A35EF1E-DE2A-44A1-BC3F-2ED8A25FF235}.Debug|Any CPU.ActiveCfg = Debug|Any CPU
		{3A35EF1E-DE2A-44A1-BC3F-2ED8A25FF235}.Debug|Any CPU.Build.0 = Debug|Any CPU
		{3A35EF1E-DE2A-44A1-BC3F-2ED8A25FF235}.Release|Any CPU.ActiveCfg = Release|Any CPU
		{3A35EF1E-DE2A-44A1-BC3F-2ED8A25FF235}.Release|Any CPU.Build.0 = Release|Any CPU
		{91F9CDB8-EB6A-41F3-9D42-5082692692F8}.Debug|Any CPU.ActiveCfg = Debug|Any CPU
		{91F9CDB8-EB6A-41F3-9D42-5082692692F8}.Debug|Any CPU.Build.0 = Debug|Any CPU
		{91F9CDB8-EB6A-41F3-9D42-5082692692F8}.Release|Any CPU.ActiveCfg = Release|Any CPU
		{91F9CDB8-EB6A-41F3-9D42-5082692692F8}.Release|Any CPU.Build.0 = Release|Any CPU
		{76A59445-7A1A-4EB4-AAF7-BF57393D2001}.Debug|Any CPU.ActiveCfg = Debug|Any CPU
		{76A59445-7A1A-4EB4-AAF7-BF57393D2001}.Debug|Any CPU.Build.0 = Debug|Any CPU
		{76A59445-7A1A-4EB4-AAF7-BF57393D2001}.Release|Any CPU.ActiveCfg = Release|Any CPU
		{76A59445-7A1A-4EB4-AAF7-BF57393D2001}.Release|Any CPU.Build.0 = Release|Any CPU
		{2E60ECAA-C589-477F-BF02-50B61A7C075F}.Debug|Any CPU.ActiveCfg = Debug|Any CPU
		{2E60ECAA-C589-477F-BF02-50B61A7C075F}.Debug|Any CPU.Build.0 = Debug|Any CPU
		{2E60ECAA-C589-477F-BF02-50B61A7C075F}.Release|Any CPU.ActiveCfg = Release|Any CPU
		{2E60ECAA-C589-477F-BF02-50B61A7C075F}.Release|Any CPU.Build.0 = Release|Any CPU
		{91CE8370-A013-4C69-BF97-8349EB3D2603}.Debug|Any CPU.ActiveCfg = Debug|Any CPU
		{91CE8370-A013-4C69-BF97-8349EB3D2603}.Debug|Any CPU.Build.0 = Debug|Any CPU
		{91CE8370-A013-4C69-BF97-8349EB3D2603}.Release|Any CPU.ActiveCfg = Release|Any CPU
		{91CE8370-A013-4C69-BF97-8349EB3D2603}.Release|Any CPU.Build.0 = Release|Any CPU
		{41108E1B-214E-4AA9-A15F-D773931413F0}.Debug|Any CPU.ActiveCfg = Debug|Any CPU
		{41108E1B-214E-4AA9-A15F-D773931413F0}.Debug|Any CPU.Build.0 = Debug|Any CPU
		{41108E1B-214E-4AA9-A15F-D773931413F0}.Release|Any CPU.ActiveCfg = Release|Any CPU
		{41108E1B-214E-4AA9-A15F-D773931413F0}.Release|Any CPU.Build.0 = Release|Any CPU
		{99CD9B90-CF2B-4CDF-AABB-D1E4EA5F13AA}.Debug|Any CPU.ActiveCfg = Debug|Any CPU
		{99CD9B90-CF2B-4CDF-AABB-D1E4EA5F13AA}.Debug|Any CPU.Build.0 = Debug|Any CPU
		{99CD9B90-CF2B-4CDF-AABB-D1E4EA5F13AA}.Release|Any CPU.ActiveCfg = Release|Any CPU
		{99CD9B90-CF2B-4CDF-AABB-D1E4EA5F13AA}.Release|Any CPU.Build.0 = Release|Any CPU
	EndGlobalSection
	GlobalSection(SolutionProperties) = preSolution
		HideSolutionNode = FALSE
	EndGlobalSection
	GlobalSection(NestedProjects) = preSolution
		{89A22B8C-D3C8-4968-A1A4-0680AC5D8AC1} = {0A020892-1DAF-42CD-ABD2-D069BFA630A3}
		{5234E3EB-AE70-46B1-843A-01A025BCB17C} = {0A020892-1DAF-42CD-ABD2-D069BFA630A3}
		{3A35EF1E-DE2A-44A1-BC3F-2ED8A25FF235} = {0A020892-1DAF-42CD-ABD2-D069BFA630A3}
		{91F9CDB8-EB6A-41F3-9D42-5082692692F8} = {963F92C1-BB05-4855-8771-C5490FD1F2B9}
		{76A59445-7A1A-4EB4-AAF7-BF57393D2001} = {963F92C1-BB05-4855-8771-C5490FD1F2B9}
		{2E60ECAA-C589-477F-BF02-50B61A7C075F} = {963F92C1-BB05-4855-8771-C5490FD1F2B9}
		{91CE8370-A013-4C69-BF97-8349EB3D2603} = {7ED81B35-FB5C-46DE-AA06-DE7FAA9942DA}
		{41108E1B-214E-4AA9-A15F-D773931413F0} = {7ED81B35-FB5C-46DE-AA06-DE7FAA9942DA}
		{99CD9B90-CF2B-4CDF-AABB-D1E4EA5F13AA} = {7ED81B35-FB5C-46DE-AA06-DE7FAA9942DA}
	EndGlobalSection
	GlobalSection(ExtensibilityGlobals) = postSolution
		SolutionGuid = {CEDA30E6-549D-4270-A46E-D7524B8DF248}
	EndGlobalSection
EndGlobal
