
Microsoft Visual Studio Solution File, Format Version 12.00
# Visual Studio Version 16
VisualStudioVersion = 16.0.33927.289
MinimumVisualStudioVersion = 10.0.40219.1
Project("{2150E333-8FDC-42A3-9474-1A3956D46DE8}") = "Task0", "Task0", "{0A020892-1DAF-42CD-ABD2-D069BFA630A3}"
EndProject
Project("{FAE04EC0-301F-11D3-BF4B-00C04F79EFBC}") = "Tyuiu.KonyushevskyAA.Sprint2.Task0.V6", "Tyuiu.KonyushevskyAA.Sprint2.Task0.V6\Tyuiu.KonyushevskyAA.Sprint2.Task0.V6.csproj", "{89A22B8C-D3C8-4968-A1A4-0680AC5D8AC1}"
EndProject
Project("{FAE04EC0-301F-11D3-BF4B-00C04F79EFBC}") = "Tyuiu.KonyushevskyAA.Sprint2.Task0.V6.Lib", "Tyuiu.KonyushevskyAA.Sprint2.Task0.V6.Lib\Tyuiu.KonyushevskyAA.Sprint2.Task0.V6.Lib.csproj", "{5234E3EB-AE70-46B1-843A-01A025BCB17C}"
EndProject
Project("{FAE04EC0-301F-11D3-BF4B-00C04F79EFBC}") = "Tyuiu.KonyushevskyAA.Sprint2.Task0.V6.Test", "Tyuiu.KonyushevskyAA.Sprint2.Task0.V6.Test\Tyuiu.KonyushevskyAA.Sprint2.Task0.V6.Test.csproj", "{3A35EF1E-DE2A-44A1-BC3F-2ED8A25FF235}"
EndProject
Project("{2150E333-8FDC-42A3-9474-1A3956D46DE8}") = "Task1", "Task1", "{963F92C1-BB05-4855-8771-C5490FD1F2B9}"
EndProject
Project("{FAE04EC0-301F-11D3-BF4B-00C04F79EFBC}") = "Tyuiu.KonyushevskyAA.Sprint2.Task1.V19", "Tyuiu.KonyushevskyAA.Sprint2.Task1.V19\Tyuiu.KonyushevskyAA.Sprint2.Task1.V19.csproj", "{91F9CDB8-EB6A-41F3-9D42-5082692692F8}"
EndProject
Project("{FAE04EC0-301F-11D3-BF4B-00C04F79EFBC}") = "Tyuiu.KonyushevskyAA.Sprint2.Task1.V19.Lib", "Tyuiu.KonyushevskyAA.Sprint2.Task1.V19.Lib\Tyuiu.KonyushevskyAA.Sprint2.Task1.V19.Lib.csproj", "{76A59445-7A1A-4EB4-AAF7-BF57393D2001}"
EndProject
Project("{FAE04EC0-301F-11D3-BF4B-00C04F79EFBC}") = "Tyuiu.KonyushevskyAA.Sprint2.Task1.V19.Test", "Tyuiu.KonyushevskyAA.Sprint2.Task1.V19.Test\Tyuiu.KonyushevskyAA.Sprint2.Task1.V19.Test.csproj", "{2E60ECAA-C589-477F-BF02-50B61A7C075F}"
EndProject
Project("{2150E333-8FDC-42A3-9474-1A3956D46DE8}") = "Task2", "Task2", "{7ED81B35-FB5C-46DE-AA06-DE7FAA9942DA}"
EndProject
Project("{FAE04EC0-301F-11D3-BF4B-00C04F79EFBC}") = "Tyuiu.KonyushevskyAA.Sprint2.Task2.V20", "Tyuiu.KonyushevskyAA.Sprint2.Task2.V20\Tyuiu.KonyushevskyAA.Sprint2.Task2.V20.csproj", "{91CE8370-A013-4C69-BF97-8349EB3D2603}"
EndProject
Project("{FAE04EC0-301F-11D3-BF4B-00C04F79EFBC}") = "Tyuiu.KonyushevskyAA.Sprint2.Task2.V20.Lib", "Tyuiu.KonyushevskyAA.Sprint2.Task2.V20.Lib\Tyuiu.KonyushevskyAA.Sprint2.Task2.V20.Lib.csproj", "{41108E1B-214E-4AA9-A15F-D773931413F0}"
EndProject
Project("{FAE04EC0-301F-11D3-BF4B-00C04F79EFBC}") = "Tyuiu.KonyushevskyAA.Sprint2.Task2.V20.Test", "Tyuiu.KonyushevskyAA.Sprint2.Task2.V20.Test\Tyuiu.KonyushevskyAA.Sprint2.Task2.V20.Test.csproj", "{99CD9B90-CF2B-4CDF-AABB-D1E4EA5F13AA}"
EndProject
Project("{2150E333-8FDC-42A3-9474-1A3956D46DE8}") = "Task3", "Task3", "{CEEB31F6-1934-4014-818E-E62FB23FABDF}"
EndProject
Project("{FAE04EC0-301F-11D3-BF4B-00C04F79EFBC}") = "Tyuiu.KonyushevskyAA.Sprint2.Task3.V3", "Tyuiu.KonyushevskyAA.Sprint2.Task3.V3\Tyuiu.KonyushevskyAA.Sprint2.Task3.V3.csproj", "{C39D066A-589A-4428-9D40-363182FC3BA5}"
EndProject
Project("{FAE04EC0-301F-11D3-BF4B-00C04F79EFBC}") = "Tyuiu.KonyushevskyAA.Sprint2.Task3.V3.Lib", "Tyuiu.KonyushevskyAA.Sprint2.Task3.V3.Lib\Tyuiu.KonyushevskyAA.Sprint2.Task3.V3.Lib.csproj", "{4C12C30E-B928-4F6D-9255-6A516B5F5D54}"
EndProject
Project("{FAE04EC0-301F-11D3-BF4B-00C04F79EFBC}") = "Tyuiu.KonyushevskyAA.Sprint2.Task3.V3.Test", "Tyuiu.KonyushevskyAA.Sprint2.Task3.V3.Test\Tyuiu.KonyushevskyAA.Sprint2.Task3.V3.Test.csproj", "{1432D182-BC26-4267-A004-13022637EE41}"
EndProject
Project("{2150E333-8FDC-42A3-9474-1A3956D46DE8}") = "Task4", "Task4", "{0147A281-1418-4F4A-900B-F17A520EC78A}"
EndProject
Project("{FAE04EC0-301F-11D3-BF4B-00C04F79EFBC}") = "Tyuiu.KonyushevskyAA.Sprint2.Task4.V30", "Tyuiu.KonyushevskyAA.Sprint2.Task4.V30\Tyuiu.KonyushevskyAA.Sprint2.Task4.V30.csproj", "{84974657-EC39-4E22-9A42-3F11D5A4FD58}"
EndProject
Project("{FAE04EC0-301F-11D3-BF4B-00C04F79EFBC}") = "Tyuiu.KonyushevskyAA.Sprint2.Task4.V30.Lib", "Tyuiu.KonyushevskyAA.Sprint2.Task4.V30.Lib\Tyuiu.KonyushevskyAA.Sprint2.Task4.V30.Lib.csproj", "{BCA88B61-FA48-4EB7-B7F8-3918EB0F043D}"
EndProject
Project("{FAE04EC0-301F-11D3-BF4B-00C04F79EFBC}") = "Tyuiu.KonyushevskyAA.Sprint2.Task4.V30.Test", "Tyuiu.KonyushevskyAA.Sprint2.Task4.V30.Test\Tyuiu.KonyushevskyAA.Sprint2.Task4.V30.Test.csproj", "{6DABC15A-D92B-43AF-A3D7-33F1DE089FC5}"
EndProject
Project("{2150E333-8FDC-42A3-9474-1A3956D46DE8}") = "Task5", "Task5", "{8A181BE0-7695-4B6D-865B-38AA64E082C8}"
EndProject
Project("{FAE04EC0-301F-11D3-BF4B-00C04F79EFBC}") = "Tyuiu.KonyushevskyAA.Sprint2.Task5.V7", "Tyuiu.KonyushevskyAA.Sprint2.Task5.V7\Tyuiu.KonyushevskyAA.Sprint2.Task5.V7.csproj", "{5899E907-C81D-4B17-B0AB-BAD025E8E533}"
EndProject
Project("{FAE04EC0-301F-11D3-BF4B-00C04F79EFBC}") = "Tyuiu.KonyushevskyAA.Sprint2.Task5.V7.Lib", "Tyuiu.KonyushevskyAA.Sprint2.Task5.V7.Lib\Tyuiu.KonyushevskyAA.Sprint2.Task5.V7.Lib.csproj", "{7C985A84-6568-4ACB-87A6-B03DB33F22FC}"
EndProject
Project("{FAE04EC0-301F-11D3-BF4B-00C04F79EFBC}") = "Tyuiu.KonyushevskyAA.Sprint2.Task5.V7.Test", "Tyuiu.KonyushevskyAA.Sprint2.Task5.V7.Test\Tyuiu.KonyushevskyAA.Sprint2.Task5.V7.Test.csproj", "{08BBDBE3-C340-46F2-B53F-607CEFBB7E6C}"
EndProject
Global
	GlobalSection(SolutionConfigurationPlatforms) = preSolution
		Debug|Any CPU = Debug|Any CPU
		Release|Any CPU = Release|Any CPU
	EndGlobalSection
	GlobalSection(ProjectConfigurationPlatforms) = postSolution
		{89A22B8C-D3C8-4968-A1A4-0680AC5D8AC1}.Debug|Any CPU.ActiveCfg = Debug|Any CPU
		{89A22B8C-D3C8-4968-A1A4-0680AC5D8AC1}.Debug|Any CPU.Build.0 = Debug|Any CPU
		{89A22B8C-D3C8-4968-A1A4-0680AC5D8AC1}.Release|Any CPU.ActiveCfg = Release|Any CPU
		{89A22B8C-D3C8-4968-A1A4-0680AC5D8AC1}.Release|Any CPU.Build.0 = Release|Any CPU
		{5234E3EB-AE70-46B1-843A-01A025BCB17C}.Debug|Any CPU.ActiveCfg = Debug|Any CPU
		{5234E3EB-AE70-46B1-843A-01A025BCB17C}.Debug|Any CPU.Build.0 = Debug|Any CPU
		{5234E3EB-AE70-46B1-843A-01A025BCB17C}.Release|Any CPU.ActiveCfg = Release|Any CPU
		{5234E3EB-AE70-46B1-843A-01A025BCB17C}.Release|Any CPU.Build.0 = Release|Any CPU
		{3A35EF1E-DE2A-44A1-BC3F-2ED8A25FF235}.Debug|Any CPU.ActiveCfg = Debug|Any CPU
		{3A35EF1E-DE2A-44A1-BC3F-2ED8A25FF235}.Debug|Any CPU.Build.0 = Debug|Any CPU
		{3A35EF1E-DE2A-44A1-BC3F-2ED8A25FF235}.Release|Any CPU.ActiveCfg = Release|Any CPU
		{3A35EF1E-DE2A-44A1-BC3F-2ED8A25FF235}.Release|Any CPU.Build.0 = Release|Any CPU
		{91F9CDB8-EB6A-41F3-9D42-5082692692F8}.Debug|Any CPU.ActiveCfg = Debug|Any CPU
		{91F9CDB8-EB6A-41F3-9D42-5082692692F8}.Debug|Any CPU.Build.0 = Debug|Any CPU
		{91F9CDB8-EB6A-41F3-9D42-5082692692F8}.Release|Any CPU.ActiveCfg = Release|Any CPU
		{91F9CDB8-EB6A-41F3-9D42-5082692692F8}.Release|Any CPU.Build.0 = Release|Any CPU
		{76A59445-7A1A-4EB4-AAF7-BF57393D2001}.Debug|Any CPU.ActiveCfg = Debug|Any CPU
		{76A59445-7A1A-4EB4-AAF7-BF57393D2001}.Debug|Any CPU.Build.0 = Debug|Any CPU
		{76A59445-7A1A-4EB4-AAF7-BF57393D2001}.Release|Any CPU.ActiveCfg = Release|Any CPU
		{76A59445-7A1A-4EB4-AAF7-BF57393D2001}.Release|Any CPU.Build.0 = Release|Any CPU
		{2E60ECAA-C589-477F-BF02-50B61A7C075F}.Debug|Any CPU.ActiveCfg = Debug|Any CPU
		{2E60ECAA-C589-477F-BF02-50B61A7C075F}.Debug|Any CPU.Build.0 = Debug|Any CPU
		{2E60ECAA-C589-477F-BF02-50B61A7C075F}.Release|Any CPU.ActiveCfg = Release|Any CPU
		{2E60ECAA-C589-477F-BF02-50B61A7C075F}.Release|Any CPU.Build.0 = Release|Any CPU
		{91CE8370-A013-4C69-BF97-8349EB3D2603}.Debug|Any CPU.ActiveCfg = Debug|Any CPU
		{91CE8370-A013-4C69-BF97-8349EB3D2603}.Debug|Any CPU.Build.0 = Debug|Any CPU
		{91CE8370-A013-4C69-BF97-8349EB3D2603}.Release|Any CPU.ActiveCfg = Release|Any CPU
		{91CE8370-A013-4C69-BF97-8349EB3D2603}.Release|Any CPU.Build.0 = Release|Any CPU
		{41108E1B-214E-4AA9-A15F-D773931413F0}.Debug|Any CPU.ActiveCfg = Debug|Any CPU
		{41108E1B-214E-4AA9-A15F-D773931413F0}.Debug|Any CPU.Build.0 = Debug|Any CPU
		{41108E1B-214E-4AA9-A15F-D773931413F0}.Release|Any CPU.ActiveCfg = Release|Any CPU
		{41108E1B-214E-4AA9-A15F-D773931413F0}.Release|Any CPU.Build.0 = Release|Any CPU
		{99CD9B90-CF2B-4CDF-AABB-D1E4EA5F13AA}.Debug|Any CPU.ActiveCfg = Debug|Any CPU
		{99CD9B90-CF2B-4CDF-AABB-D1E4EA5F13AA}.Debug|Any CPU.Build.0 = Debug|Any CPU
		{99CD9B90-CF2B-4CDF-AABB-D1E4EA5F13AA}.Release|Any CPU.ActiveCfg = Release|Any CPU
		{99CD9B90-CF2B-4CDF-AABB-D1E4EA5F13AA}.Release|Any CPU.Build.0 = Release|Any CPU
		{C39D066A-589A-4428-9D40-363182FC3BA5}.Debug|Any CPU.ActiveCfg = Debug|Any CPU
		{C39D066A-589A-4428-9D40-363182FC3BA5}.Debug|Any CPU.Build.0 = Debug|Any CPU
		{C39D066A-589A-4428-9D40-363182FC3BA5}.Release|Any CPU.ActiveCfg = Release|Any CPU
		{C39D066A-589A-4428-9D40-363182FC3BA5}.Release|Any CPU.Build.0 = Release|Any CPU
		{4C12C30E-B928-4F6D-9255-6A516B5F5D54}.Debug|Any CPU.ActiveCfg = Debug|Any CPU
		{4C12C30E-B928-4F6D-9255-6A516B5F5D54}.Debug|Any CPU.Build.0 = Debug|Any CPU
		{4C12C30E-B928-4F6D-9255-6A516B5F5D54}.Release|Any CPU.ActiveCfg = Release|Any CPU
		{4C12C30E-B928-4F6D-9255-6A516B5F5D54}.Release|Any CPU.Build.0 = Release|Any CPU
		{1432D182-BC26-4267-A004-13022637EE41}.Debug|Any CPU.ActiveCfg = Debug|Any CPU
		{1432D182-BC26-4267-A004-13022637EE41}.Debug|Any CPU.Build.0 = Debug|Any CPU
		{1432D182-BC26-4267-A004-13022637EE41}.Release|Any CPU.ActiveCfg = Release|Any CPU
		{1432D182-BC26-4267-A004-13022637EE41}.Release|Any CPU.Build.0 = Release|Any CPU
		{84974657-EC39-4E22-9A42-3F11D5A4FD58}.Debug|Any CPU.ActiveCfg = Debug|Any CPU
		{84974657-EC39-4E22-9A42-3F11D5A4FD58}.Debug|Any CPU.Build.0 = Debug|Any CPU
		{84974657-EC39-4E22-9A42-3F11D5A4FD58}.Release|Any CPU.ActiveCfg = Release|Any CPU
		{84974657-EC39-4E22-9A42-3F11D5A4FD58}.Release|Any CPU.Build.0 = Release|Any CPU
		{BCA88B61-FA48-4EB7-B7F8-3918EB0F043D}.Debug|Any CPU.ActiveCfg = Debug|Any CPU
		{BCA88B61-FA48-4EB7-B7F8-3918EB0F043D}.Debug|Any CPU.Build.0 = Debug|Any CPU
		{BCA88B61-FA48-4EB7-B7F8-3918EB0F043D}.Release|Any CPU.ActiveCfg = Release|Any CPU
		{BCA88B61-FA48-4EB7-B7F8-3918EB0F043D}.Release|Any CPU.Build.0 = Release|Any CPU
		{6DABC15A-D92B-43AF-A3D7-33F1DE089FC5}.Debug|Any CPU.ActiveCfg = Debug|Any CPU
		{6DABC15A-D92B-43AF-A3D7-33F1DE089FC5}.Debug|Any CPU.Build.0 = Debug|Any CPU
		{6DABC15A-D92B-43AF-A3D7-33F1DE089FC5}.Release|Any CPU.ActiveCfg = Release|Any CPU
		{6DABC15A-D92B-43AF-A3D7-33F1DE089FC5}.Release|Any CPU.Build.0 = Release|Any CPU
		{5899E907-C81D-4B17-B0AB-BAD025E8E533}.Debug|Any CPU.ActiveCfg = Debug|Any CPU
		{5899E907-C81D-4B17-B0AB-BAD025E8E533}.Debug|Any CPU.Build.0 = Debug|Any CPU
		{5899E907-C81D-4B17-B0AB-BAD025E8E533}.Release|Any CPU.ActiveCfg = Release|Any CPU
		{5899E907-C81D-4B17-B0AB-BAD025E8E533}.Release|Any CPU.Build.0 = Release|Any CPU
		{7C985A84-6568-4ACB-87A6-B03DB33F22FC}.Debug|Any CPU.ActiveCfg = Debug|Any CPU
		{7C985A84-6568-4ACB-87A6-B03DB33F22FC}.Debug|Any CPU.Build.0 = Debug|Any CPU
		{7C985A84-6568-4ACB-87A6-B03DB33F22FC}.Release|Any CPU.ActiveCfg = Release|Any CPU
		{7C985A84-6568-4ACB-87A6-B03DB33F22FC}.Release|Any CPU.Build.0 = Release|Any CPU
		{08BBDBE3-C340-46F2-B53F-607CEFBB7E6C}.Debug|Any CPU.ActiveCfg = Debug|Any CPU
		{08BBDBE3-C340-46F2-B53F-607CEFBB7E6C}.Debug|Any CPU.Build.0 = Debug|Any CPU
		{08BBDBE3-C340-46F2-B53F-607CEFBB7E6C}.Release|Any CPU.ActiveCfg = Release|Any CPU
		{08BBDBE3-C340-46F2-B53F-607CEFBB7E6C}.Release|Any CPU.Build.0 = Release|Any CPU
	EndGlobalSection
	GlobalSection(SolutionProperties) = preSolution
		HideSolutionNode = FALSE
	EndGlobalSection
	GlobalSection(NestedProjects) = preSolution
		{89A22B8C-D3C8-4968-A1A4-0680AC5D8AC1} = {0A020892-1DAF-42CD-ABD2-D069BFA630A3}
		{5234E3EB-AE70-46B1-843A-01A025BCB17C} = {0A020892-1DAF-42CD-ABD2-D069BFA630A3}
		{3A35EF1E-DE2A-44A1-BC3F-2ED8A25FF235} = {0A020892-1DAF-42CD-ABD2-D069BFA630A3}
		{91F9CDB8-EB6A-41F3-9D42-5082692692F8} = {963F92C1-BB05-4855-8771-C5490FD1F2B9}
		{76A59445-7A1A-4EB4-AAF7-BF57393D2001} = {963F92C1-BB05-4855-8771-C5490FD1F2B9}
		{2E60ECAA-C589-477F-BF02-50B61A7C075F} = {963F92C1-BB05-4855-8771-C5490FD1F2B9}
		{91CE8370-A013-4C69-BF97-8349EB3D2603} = {7ED81B35-FB5C-46DE-AA06-DE7FAA9942DA}
		{41108E1B-214E-4AA9-A15F-D773931413F0} = {7ED81B35-FB5C-46DE-AA06-DE7FAA9942DA}
		{99CD9B90-CF2B-4CDF-AABB-D1E4EA5F13AA} = {7ED81B35-FB5C-46DE-AA06-DE7FAA9942DA}
		{C39D066A-589A-4428-9D40-363182FC3BA5} = {CEEB31F6-1934-4014-818E-E62FB23FABDF}
		{4C12C30E-B928-4F6D-9255-6A516B5F5D54} = {CEEB31F6-1934-4014-818E-E62FB23FABDF}
		{1432D182-BC26-4267-A004-13022637EE41} = {CEEB31F6-1934-4014-818E-E62FB23FABDF}
		{84974657-EC39-4E22-9A42-3F11D5A4FD58} = {0147A281-1418-4F4A-900B-F17A520EC78A}
		{BCA88B61-FA48-4EB7-B7F8-3918EB0F043D} = {0147A281-1418-4F4A-900B-F17A520EC78A}
		{6DABC15A-D92B-43AF-A3D7-33F1DE089FC5} = {0147A281-1418-4F4A-900B-F17A520EC78A}
		{5899E907-C81D-4B17-B0AB-BAD025E8E533} = {8A181BE0-7695-4B6D-865B-38AA64E082C8}
		{7C985A84-6568-4ACB-87A6-B03DB33F22FC} = {8A181BE0-7695-4B6D-865B-38AA64E082C8}
		{08BBDBE3-C340-46F2-B53F-607CEFBB7E6C} = {8A181BE0-7695-4B6D-865B-38AA64E082C8}
	EndGlobalSection
	GlobalSection(ExtensibilityGlobals) = postSolution
		SolutionGuid = {CEDA30E6-549D-4270-A46E-D7524B8DF248}
	EndGlobalSection
EndGlobal
